
Microsoft Visual Studio Solution File, Format Version 12.00
# Visual Studio 2012
Project("{FAE04EC0-301F-11D3-BF4B-00C04F79EFBC}") = "ODataDemoService", "ODataDemoService\ODataDemoService.csproj", "{A5FC8315-0959-442C-98F2-363ED93B252E}"
EndProject
Project("{FAE04EC0-301F-11D3-BF4B-00C04F79EFBC}") = "ODataDemoServiceBase", "ODataDemoServiceBase\ODataDemoServiceBase.csproj", "{77CB535A-F77A-4F9E-8562-99B976684DB7}"
EndProject
Project("{FAE04EC0-301F-11D3-BF4B-00C04F79EFBC}") = "ConsoleFormsAuthenticationClient", "FormsAuthenticationConsoleClient\ConsoleFormsAuthenticationClient.csproj", "{DFCD693E-8233-4A21-9292-EDFAB1C320FD}"
EndProject
Project("{FAE04EC0-301F-11D3-BF4B-00C04F79EFBC}") = "MainDemoWebClient", "MainDemoWebClient\MainDemoWebClient.csproj", "{BEA8EF2A-BD23-4C80-A099-D04345012B1B}"
EndProject
Project("{FAE04EC0-301F-11D3-BF4B-00C04F79EFBC}") = "ConsoleWindowsAuthenticationClient", "WindowsAuthenticationConsoleClient\ConsoleWindowsAuthenticationClient.csproj", "{42B2162B-47AD-4E20-87A8-2D0267CB4A6D}"
EndProject
Global
	GlobalSection(SolutionConfigurationPlatforms) = preSolution
		Debug|Any CPU = Debug|Any CPU
		Debug|ARM = Debug|ARM
		Debug|Mixed Platforms = Debug|Mixed Platforms
		Debug|x64 = Debug|x64
		Debug|x86 = Debug|x86
		Release|Any CPU = Release|Any CPU
		Release|ARM = Release|ARM
		Release|Mixed Platforms = Release|Mixed Platforms
		Release|x64 = Release|x64
		Release|x86 = Release|x86
	EndGlobalSection
	GlobalSection(ProjectConfigurationPlatforms) = postSolution
		{A5FC8315-0959-442C-98F2-363ED93B252E}.Debug|Any CPU.ActiveCfg = Debug|Any CPU
		{A5FC8315-0959-442C-98F2-363ED93B252E}.Debug|Any CPU.Build.0 = Debug|Any CPU
		{A5FC8315-0959-442C-98F2-363ED93B252E}.Debug|ARM.ActiveCfg = Debug|Any CPU
		{A5FC8315-0959-442C-98F2-363ED93B252E}.Debug|Mixed Platforms.ActiveCfg = Debug|Any CPU
		{A5FC8315-0959-442C-98F2-363ED93B252E}.Debug|Mixed Platforms.Build.0 = Debug|Any CPU
		{A5FC8315-0959-442C-98F2-363ED93B252E}.Debug|x64.ActiveCfg = Debug|Any CPU
		{A5FC8315-0959-442C-98F2-363ED93B252E}.Debug|x86.ActiveCfg = Debug|Any CPU
		{A5FC8315-0959-442C-98F2-363ED93B252E}.Release|Any CPU.ActiveCfg = Release|Any CPU
		{A5FC8315-0959-442C-98F2-363ED93B252E}.Release|Any CPU.Build.0 = Release|Any CPU
		{A5FC8315-0959-442C-98F2-363ED93B252E}.Release|ARM.ActiveCfg = Release|Any CPU
		{A5FC8315-0959-442C-98F2-363ED93B252E}.Release|Mixed Platforms.ActiveCfg = Release|Any CPU
		{A5FC8315-0959-442C-98F2-363ED93B252E}.Release|Mixed Platforms.Build.0 = Release|Any CPU
		{A5FC8315-0959-442C-98F2-363ED93B252E}.Release|x64.ActiveCfg = Release|Any CPU
		{A5FC8315-0959-442C-98F2-363ED93B252E}.Release|x86.ActiveCfg = Release|Any CPU
		{77CB535A-F77A-4F9E-8562-99B976684DB7}.Debug|Any CPU.ActiveCfg = Debug|Any CPU
		{77CB535A-F77A-4F9E-8562-99B976684DB7}.Debug|Any CPU.Build.0 = Debug|Any CPU
		{77CB535A-F77A-4F9E-8562-99B976684DB7}.Debug|ARM.ActiveCfg = Debug|Any CPU
		{77CB535A-F77A-4F9E-8562-99B976684DB7}.Debug|Mixed Platforms.ActiveCfg = Debug|Any CPU
		{77CB535A-F77A-4F9E-8562-99B976684DB7}.Debug|Mixed Platforms.Build.0 = Debug|Any CPU
		{77CB535A-F77A-4F9E-8562-99B976684DB7}.Debug|x64.ActiveCfg = Debug|Any CPU
		{77CB535A-F77A-4F9E-8562-99B976684DB7}.Debug|x86.ActiveCfg = Debug|Any CPU
		{77CB535A-F77A-4F9E-8562-99B976684DB7}.Release|Any CPU.ActiveCfg = Release|Any CPU
		{77CB535A-F77A-4F9E-8562-99B976684DB7}.Release|Any CPU.Build.0 = Release|Any CPU
		{77CB535A-F77A-4F9E-8562-99B976684DB7}.Release|ARM.ActiveCfg = Release|Any CPU
		{77CB535A-F77A-4F9E-8562-99B976684DB7}.Release|Mixed Platforms.ActiveCfg = Release|Any CPU
		{77CB535A-F77A-4F9E-8562-99B976684DB7}.Release|Mixed Platforms.Build.0 = Release|Any CPU
		{77CB535A-F77A-4F9E-8562-99B976684DB7}.Release|x64.ActiveCfg = Release|Any CPU
		{77CB535A-F77A-4F9E-8562-99B976684DB7}.Release|x86.ActiveCfg = Release|Any CPU
		{DFCD693E-8233-4A21-9292-EDFAB1C320FD}.Debug|Any CPU.ActiveCfg = Debug|Any CPU
		{DFCD693E-8233-4A21-9292-EDFAB1C320FD}.Debug|Any CPU.Build.0 = Debug|Any CPU
		{DFCD693E-8233-4A21-9292-EDFAB1C320FD}.Debug|ARM.ActiveCfg = Debug|Any CPU
		{DFCD693E-8233-4A21-9292-EDFAB1C320FD}.Debug|Mixed Platforms.ActiveCfg = Debug|Any CPU
		{DFCD693E-8233-4A21-9292-EDFAB1C320FD}.Debug|Mixed Platforms.Build.0 = Debug|Any CPU
		{DFCD693E-8233-4A21-9292-EDFAB1C320FD}.Debug|x64.ActiveCfg = Debug|Any CPU
		{DFCD693E-8233-4A21-9292-EDFAB1C320FD}.Debug|x86.ActiveCfg = Debug|Any CPU
		{DFCD693E-8233-4A21-9292-EDFAB1C320FD}.Release|Any CPU.ActiveCfg = Release|Any CPU
		{DFCD693E-8233-4A21-9292-EDFAB1C320FD}.Release|Any CPU.Build.0 = Release|Any CPU
		{DFCD693E-8233-4A21-9292-EDFAB1C320FD}.Release|ARM.ActiveCfg = Release|Any CPU
		{DFCD693E-8233-4A21-9292-EDFAB1C320FD}.Release|Mixed Platforms.ActiveCfg = Release|Any CPU
		{DFCD693E-8233-4A21-9292-EDFAB1C320FD}.Release|Mixed Platforms.Build.0 = Release|Any CPU
		{DFCD693E-8233-4A21-9292-EDFAB1C320FD}.Release|x64.ActiveCfg = Release|Any CPU
		{DFCD693E-8233-4A21-9292-EDFAB1C320FD}.Release|x86.ActiveCfg = Release|Any CPU
		{BEA8EF2A-BD23-4C80-A099-D04345012B1B}.Debug|Any CPU.ActiveCfg = Debug|Any CPU
		{BEA8EF2A-BD23-4C80-A099-D04345012B1B}.Debug|Any CPU.Build.0 = Debug|Any CPU
		{BEA8EF2A-BD23-4C80-A099-D04345012B1B}.Debug|ARM.ActiveCfg = Debug|Any CPU
		{BEA8EF2A-BD23-4C80-A099-D04345012B1B}.Debug|Mixed Platforms.ActiveCfg = Debug|Any CPU
		{BEA8EF2A-BD23-4C80-A099-D04345012B1B}.Debug|Mixed Platforms.Build.0 = Debug|Any CPU
		{BEA8EF2A-BD23-4C80-A099-D04345012B1B}.Debug|x64.ActiveCfg = Debug|Any CPU
		{BEA8EF2A-BD23-4C80-A099-D04345012B1B}.Debug|x86.ActiveCfg = Debug|Any CPU
		{BEA8EF2A-BD23-4C80-A099-D04345012B1B}.Release|Any CPU.ActiveCfg = Release|Any CPU
		{BEA8EF2A-BD23-4C80-A099-D04345012B1B}.Release|Any CPU.Build.0 = Release|Any CPU
		{BEA8EF2A-BD23-4C80-A099-D04345012B1B}.Release|ARM.ActiveCfg = Release|Any CPU
		{BEA8EF2A-BD23-4C80-A099-D04345012B1B}.Release|Mixed Platforms.ActiveCfg = Release|Any CPU
		{BEA8EF2A-BD23-4C80-A099-D04345012B1B}.Release|Mixed Platforms.Build.0 = Release|Any CPU
		{BEA8EF2A-BD23-4C80-A099-D04345012B1B}.Release|x64.ActiveCfg = Release|Any CPU
		{BEA8EF2A-BD23-4C80-A099-D04345012B1B}.Release|x86.ActiveCfg = Release|Any CPU
		{42B2162B-47AD-4E20-87A8-2D0267CB4A6D}.Debug|Any CPU.ActiveCfg = Debug|Any CPU
		{42B2162B-47AD-4E20-87A8-2D0267CB4A6D}.Debug|Any CPU.Build.0 = Debug|Any CPU
		{42B2162B-47AD-4E20-87A8-2D0267CB4A6D}.Debug|ARM.ActiveCfg = Debug|Any CPU
		{42B2162B-47AD-4E20-87A8-2D0267CB4A6D}.Debug|Mixed Platforms.ActiveCfg = Debug|Any CPU
		{42B2162B-47AD-4E20-87A8-2D0267CB4A6D}.Debug|Mixed Platforms.Build.0 = Debug|Any CPU
		{42B2162B-47AD-4E20-87A8-2D0267CB4A6D}.Debug|x64.ActiveCfg = Debug|Any CPU
		{42B2162B-47AD-4E20-87A8-2D0267CB4A6D}.Debug|x86.ActiveCfg = Debug|Any CPU
		{42B2162B-47AD-4E20-87A8-2D0267CB4A6D}.Release|Any CPU.ActiveCfg = Release|Any CPU
		{42B2162B-47AD-4E20-87A8-2D0267CB4A6D}.Release|Any CPU.Build.0 = Release|Any CPU
		{42B2162B-47AD-4E20-87A8-2D0267CB4A6D}.Release|ARM.ActiveCfg = Release|Any CPU
		{42B2162B-47AD-4E20-87A8-2D0267CB4A6D}.Release|Mixed Platforms.ActiveCfg = Release|Any CPU
		{42B2162B-47AD-4E20-87A8-2D0267CB4A6D}.Release|Mixed Platforms.Build.0 = Release|Any CPU
		{42B2162B-47AD-4E20-87A8-2D0267CB4A6D}.Release|x64.ActiveCfg = Release|Any CPU
		{42B2162B-47AD-4E20-87A8-2D0267CB4A6D}.Release|x86.ActiveCfg = Release|Any CPU
	EndGlobalSection
	GlobalSection(SolutionProperties) = preSolution
		HideSolutionNode = FALSE
	EndGlobalSection
EndGlobal
